
Microsoft Visual Studio Solution File, Format Version 12.00
# Visual Studio Version 16
VisualStudioVersion = 16.0.29613.14
MinimumVisualStudioVersion = 10.0.40219.1
Project("{FAE04EC0-301F-11D3-BF4B-00C04F79EFBC}") = "FirstAspcoreApp", "FirstAspcoreApp\FirstAspcoreApp.csproj", "{92D4B389-1262-400E-BF98-06CAA41BF950}"
EndProject
Global
	GlobalSection(SolutionConfigurationPlatforms) = preSolution
		Debug|Any CPU = Debug|Any CPU
		Release|Any CPU = Release|Any CPU
	EndGlobalSection
	GlobalSection(ProjectConfigurationPlatforms) = postSolution
		{92D4B389-1262-400E-BF98-06CAA41BF950}.Debug|Any CPU.ActiveCfg = Debug|Any CPU
		{92D4B389-1262-400E-BF98-06CAA41BF950}.Debug|Any CPU.Build.0 = Debug|Any CPU
		{92D4B389-1262-400E-BF98-06CAA41BF950}.Release|Any CPU.ActiveCfg = Release|Any CPU
		{92D4B389-1262-400E-BF98-06CAA41BF950}.Release|Any CPU.Build.0 = Release|Any CPU
	EndGlobalSection
	GlobalSection(SolutionProperties) = preSolution
		HideSolutionNode = FALSE
	EndGlobalSection
	GlobalSection(ExtensibilityGlobals) = postSolution
		SolutionGuid = {563E80DA-DE51-4341-AADE-EF5DAC2DF048}
	EndGlobalSection
EndGlobal
